
Microsoft Visual Studio Solution File, Format Version 12.00
# Visual Studio 15
VisualStudioVersion = 15.0.28307.902
MinimumVisualStudioVersion = 10.0.40219.1
Project("{FAE04EC0-301F-11D3-BF4B-00C04F79EFBC}") = "Chapter1 - Strategy", "Chapter1\Chapter1 - Strategy.csproj", "{6FF22945-4203-4A7D-8FAB-3B358D039585}"
EndProject
Project("{FAE04EC0-301F-11D3-BF4B-00C04F79EFBC}") = "Chapter2 - Observer", "Chapter2 - Observer\Chapter2 - Observer.csproj", "{B6306511-052A-4F6F-B589-D5DD1397883E}"
EndProject
Project("{FAE04EC0-301F-11D3-BF4B-00C04F79EFBC}") = "Chapter3 - Decorator", "Chapter3 - Decorator\Chapter3 - Decorator.csproj", "{EB712F3C-0F5D-4385-B227-666981E0466B}"
EndProject
Project("{FAE04EC0-301F-11D3-BF4B-00C04F79EFBC}") = "Chapter4 - Factory Method", "Chapter4 - Factory Method\Chapter4 - Factory Method.csproj", "{1E68112C-0A60-44C3-8309-4DF5120DDAC0}"
EndProject
Project("{FAE04EC0-301F-11D3-BF4B-00C04F79EFBC}") = "Chapter5 - Singleton", "Chapter5 - Singleton\Chapter5 - Singleton.csproj", "{902F5846-9D63-4C12-9024-05031470D009}"
EndProject
Project("{FAE04EC0-301F-11D3-BF4B-00C04F79EFBC}") = "Chapter6 - Command", "Chapter6 - Command\Chapter6 - Command.csproj", "{C5D53E89-716D-4FE9-8BF0-1AF109163D9E}"
EndProject
Global
	GlobalSection(SolutionConfigurationPlatforms) = preSolution
		Debug|Any CPU = Debug|Any CPU
		Release|Any CPU = Release|Any CPU
	EndGlobalSection
	GlobalSection(ProjectConfigurationPlatforms) = postSolution
		{6FF22945-4203-4A7D-8FAB-3B358D039585}.Debug|Any CPU.ActiveCfg = Debug|Any CPU
		{6FF22945-4203-4A7D-8FAB-3B358D039585}.Debug|Any CPU.Build.0 = Debug|Any CPU
		{6FF22945-4203-4A7D-8FAB-3B358D039585}.Release|Any CPU.ActiveCfg = Release|Any CPU
		{6FF22945-4203-4A7D-8FAB-3B358D039585}.Release|Any CPU.Build.0 = Release|Any CPU
		{B6306511-052A-4F6F-B589-D5DD1397883E}.Debug|Any CPU.ActiveCfg = Debug|Any CPU
		{B6306511-052A-4F6F-B589-D5DD1397883E}.Debug|Any CPU.Build.0 = Debug|Any CPU
		{B6306511-052A-4F6F-B589-D5DD1397883E}.Release|Any CPU.ActiveCfg = Release|Any CPU
		{B6306511-052A-4F6F-B589-D5DD1397883E}.Release|Any CPU.Build.0 = Release|Any CPU
		{EB712F3C-0F5D-4385-B227-666981E0466B}.Debug|Any CPU.ActiveCfg = Debug|Any CPU
		{EB712F3C-0F5D-4385-B227-666981E0466B}.Debug|Any CPU.Build.0 = Debug|Any CPU
		{EB712F3C-0F5D-4385-B227-666981E0466B}.Release|Any CPU.ActiveCfg = Release|Any CPU
		{EB712F3C-0F5D-4385-B227-666981E0466B}.Release|Any CPU.Build.0 = Release|Any CPU
		{1E68112C-0A60-44C3-8309-4DF5120DDAC0}.Debug|Any CPU.ActiveCfg = Debug|Any CPU
		{1E68112C-0A60-44C3-8309-4DF5120DDAC0}.Debug|Any CPU.Build.0 = Debug|Any CPU
		{1E68112C-0A60-44C3-8309-4DF5120DDAC0}.Release|Any CPU.ActiveCfg = Release|Any CPU
		{1E68112C-0A60-44C3-8309-4DF5120DDAC0}.Release|Any CPU.Build.0 = Release|Any CPU
		{902F5846-9D63-4C12-9024-05031470D009}.Debug|Any CPU.ActiveCfg = Debug|Any CPU
		{902F5846-9D63-4C12-9024-05031470D009}.Debug|Any CPU.Build.0 = Debug|Any CPU
		{902F5846-9D63-4C12-9024-05031470D009}.Release|Any CPU.ActiveCfg = Release|Any CPU
		{902F5846-9D63-4C12-9024-05031470D009}.Release|Any CPU.Build.0 = Release|Any CPU
		{C5D53E89-716D-4FE9-8BF0-1AF109163D9E}.Debug|Any CPU.ActiveCfg = Debug|Any CPU
		{C5D53E89-716D-4FE9-8BF0-1AF109163D9E}.Debug|Any CPU.Build.0 = Debug|Any CPU
		{C5D53E89-716D-4FE9-8BF0-1AF109163D9E}.Release|Any CPU.ActiveCfg = Release|Any CPU
		{C5D53E89-716D-4FE9-8BF0-1AF109163D9E}.Release|Any CPU.Build.0 = Release|Any CPU
	EndGlobalSection
	GlobalSection(SolutionProperties) = preSolution
		HideSolutionNode = FALSE
	EndGlobalSection
	GlobalSection(ExtensibilityGlobals) = postSolution
		SolutionGuid = {E3F7D745-744F-46B2-A372-97AA49DD0F62}
	EndGlobalSection
EndGlobal
