
Microsoft Visual Studio Solution File, Format Version 12.00
# Visual Studio Version 16
VisualStudioVersion = 16.0.29920.165
MinimumVisualStudioVersion = 10.0.40219.1
Project("{FAE04EC0-301F-11D3-BF4B-00C04F79EFBC}") = "Chapter1 - Strategy", "Chapter1\Chapter1 - Strategy.csproj", "{6FF22945-4203-4A7D-8FAB-3B358D039585}"
EndProject
Project("{FAE04EC0-301F-11D3-BF4B-00C04F79EFBC}") = "Chapter2 - Observer", "Chapter2 - Observer\Chapter2 - Observer.csproj", "{B6306511-052A-4F6F-B589-D5DD1397883E}"
EndProject
Project("{FAE04EC0-301F-11D3-BF4B-00C04F79EFBC}") = "Chapter3 - Decorator", "Chapter3 - Decorator\Chapter3 - Decorator.csproj", "{EB712F3C-0F5D-4385-B227-666981E0466B}"
EndProject
Project("{FAE04EC0-301F-11D3-BF4B-00C04F79EFBC}") = "Chapter4 - Factory Method", "Chapter4 - Factory Method\Chapter4 - Factory Method.csproj", "{1E68112C-0A60-44C3-8309-4DF5120DDAC0}"
EndProject
Project("{FAE04EC0-301F-11D3-BF4B-00C04F79EFBC}") = "Chapter5 - Singleton", "Chapter5 - Singleton\Chapter5 - Singleton.csproj", "{902F5846-9D63-4C12-9024-05031470D009}"
EndProject
Project("{FAE04EC0-301F-11D3-BF4B-00C04F79EFBC}") = "Chapter6 - Command", "Chapter6 - Command\Chapter6 - Command.csproj", "{C5D53E89-716D-4FE9-8BF0-1AF109163D9E}"
EndProject
Project("{FAE04EC0-301F-11D3-BF4B-00C04F79EFBC}") = "Chapter7 - Adapter And Facade", "Chapter7 - Adapter And Facade\Chapter7 - Adapter And Facade.csproj", "{E2C958BA-C041-4279-A033-740068ABF72B}"
EndProject
Project("{FAE04EC0-301F-11D3-BF4B-00C04F79EFBC}") = "Chapter8 - Template Method", "Chapter8 - Template Method\Chapter8 - Template Method.csproj", "{66B5F01A-F809-4494-B39A-7452C6D072BD}"
EndProject
Project("{FAE04EC0-301F-11D3-BF4B-00C04F79EFBC}") = "Chapter9 - Iterator And Composite", "Chapter9 - Iterator And Composite\Chapter9 - Iterator And Composite.csproj", "{D4B2EAB0-B7B8-4298-A1D0-F593FA08DF40}"
EndProject
Project("{FAE04EC0-301F-11D3-BF4B-00C04F79EFBC}") = "Chapter10 - State", "Chapter10 - State\Chapter10 - State.csproj", "{1234D776-EFD6-4879-A552-2FFA8F829E2F}"
EndProject
Project("{2150E333-8FDC-42A3-9474-1A3956D46DE8}") = "Chapter12 - Pattern Of Patterns", "Chapter12 - Pattern Of Patterns", "{24604B86-9F6C-4C00-B236-4B2ABE37CFC8}"
EndProject
Project("{FAE04EC0-301F-11D3-BF4B-00C04F79EFBC}") = "Chapter12 - Combining", "Chapter12 - Combining\Chapter12 - Combining.csproj", "{D68E232A-3A52-44D6-B66F-E76A7BF4E096}"
EndProject
Project("{FAE04EC0-301F-11D3-BF4B-00C04F79EFBC}") = "Chapter12 - MVC", "Chapter12 - MVC\Chapter12 - MVC.csproj", "{14B233F4-248D-4572-9E8D-7709A982C3CF}"
EndProject
Project("{FAE04EC0-301F-11D3-BF4B-00C04F79EFBC}") = "Chapter11 - Proxy", "Chapter11 - Proxy\Chapter11 - Proxy.csproj", "{2624AACB-1A21-4D6D-9090-5C13C9CE8EF4}"
EndProject
Project("{FAE04EC0-301F-11D3-BF4B-00C04F79EFBC}") = "Fluent Builder", "Fluent Builder\Fluent Builder.csproj", "{D4A2B099-AF22-4DB7-B178-585203A5A301}"
EndProject
Global
	GlobalSection(SolutionConfigurationPlatforms) = preSolution
		Debug|Any CPU = Debug|Any CPU
		Release|Any CPU = Release|Any CPU
	EndGlobalSection
	GlobalSection(ProjectConfigurationPlatforms) = postSolution
		{6FF22945-4203-4A7D-8FAB-3B358D039585}.Debug|Any CPU.ActiveCfg = Debug|Any CPU
		{6FF22945-4203-4A7D-8FAB-3B358D039585}.Debug|Any CPU.Build.0 = Debug|Any CPU
		{6FF22945-4203-4A7D-8FAB-3B358D039585}.Release|Any CPU.ActiveCfg = Release|Any CPU
		{6FF22945-4203-4A7D-8FAB-3B358D039585}.Release|Any CPU.Build.0 = Release|Any CPU
		{B6306511-052A-4F6F-B589-D5DD1397883E}.Debug|Any CPU.ActiveCfg = Debug|Any CPU
		{B6306511-052A-4F6F-B589-D5DD1397883E}.Debug|Any CPU.Build.0 = Debug|Any CPU
		{B6306511-052A-4F6F-B589-D5DD1397883E}.Release|Any CPU.ActiveCfg = Release|Any CPU
		{B6306511-052A-4F6F-B589-D5DD1397883E}.Release|Any CPU.Build.0 = Release|Any CPU
		{EB712F3C-0F5D-4385-B227-666981E0466B}.Debug|Any CPU.ActiveCfg = Debug|Any CPU
		{EB712F3C-0F5D-4385-B227-666981E0466B}.Debug|Any CPU.Build.0 = Debug|Any CPU
		{EB712F3C-0F5D-4385-B227-666981E0466B}.Release|Any CPU.ActiveCfg = Release|Any CPU
		{EB712F3C-0F5D-4385-B227-666981E0466B}.Release|Any CPU.Build.0 = Release|Any CPU
		{1E68112C-0A60-44C3-8309-4DF5120DDAC0}.Debug|Any CPU.ActiveCfg = Debug|Any CPU
		{1E68112C-0A60-44C3-8309-4DF5120DDAC0}.Debug|Any CPU.Build.0 = Debug|Any CPU
		{1E68112C-0A60-44C3-8309-4DF5120DDAC0}.Release|Any CPU.ActiveCfg = Release|Any CPU
		{1E68112C-0A60-44C3-8309-4DF5120DDAC0}.Release|Any CPU.Build.0 = Release|Any CPU
		{902F5846-9D63-4C12-9024-05031470D009}.Debug|Any CPU.ActiveCfg = Debug|Any CPU
		{902F5846-9D63-4C12-9024-05031470D009}.Debug|Any CPU.Build.0 = Debug|Any CPU
		{902F5846-9D63-4C12-9024-05031470D009}.Release|Any CPU.ActiveCfg = Release|Any CPU
		{902F5846-9D63-4C12-9024-05031470D009}.Release|Any CPU.Build.0 = Release|Any CPU
		{C5D53E89-716D-4FE9-8BF0-1AF109163D9E}.Debug|Any CPU.ActiveCfg = Debug|Any CPU
		{C5D53E89-716D-4FE9-8BF0-1AF109163D9E}.Debug|Any CPU.Build.0 = Debug|Any CPU
		{C5D53E89-716D-4FE9-8BF0-1AF109163D9E}.Release|Any CPU.ActiveCfg = Release|Any CPU
		{C5D53E89-716D-4FE9-8BF0-1AF109163D9E}.Release|Any CPU.Build.0 = Release|Any CPU
		{E2C958BA-C041-4279-A033-740068ABF72B}.Debug|Any CPU.ActiveCfg = Debug|Any CPU
		{E2C958BA-C041-4279-A033-740068ABF72B}.Debug|Any CPU.Build.0 = Debug|Any CPU
		{E2C958BA-C041-4279-A033-740068ABF72B}.Release|Any CPU.ActiveCfg = Release|Any CPU
		{E2C958BA-C041-4279-A033-740068ABF72B}.Release|Any CPU.Build.0 = Release|Any CPU
		{66B5F01A-F809-4494-B39A-7452C6D072BD}.Debug|Any CPU.ActiveCfg = Debug|Any CPU
		{66B5F01A-F809-4494-B39A-7452C6D072BD}.Debug|Any CPU.Build.0 = Debug|Any CPU
		{66B5F01A-F809-4494-B39A-7452C6D072BD}.Release|Any CPU.ActiveCfg = Release|Any CPU
		{66B5F01A-F809-4494-B39A-7452C6D072BD}.Release|Any CPU.Build.0 = Release|Any CPU
		{D4B2EAB0-B7B8-4298-A1D0-F593FA08DF40}.Debug|Any CPU.ActiveCfg = Debug|Any CPU
		{D4B2EAB0-B7B8-4298-A1D0-F593FA08DF40}.Debug|Any CPU.Build.0 = Debug|Any CPU
		{D4B2EAB0-B7B8-4298-A1D0-F593FA08DF40}.Release|Any CPU.ActiveCfg = Release|Any CPU
		{D4B2EAB0-B7B8-4298-A1D0-F593FA08DF40}.Release|Any CPU.Build.0 = Release|Any CPU
		{1234D776-EFD6-4879-A552-2FFA8F829E2F}.Debug|Any CPU.ActiveCfg = Debug|Any CPU
		{1234D776-EFD6-4879-A552-2FFA8F829E2F}.Debug|Any CPU.Build.0 = Debug|Any CPU
		{1234D776-EFD6-4879-A552-2FFA8F829E2F}.Release|Any CPU.ActiveCfg = Release|Any CPU
		{1234D776-EFD6-4879-A552-2FFA8F829E2F}.Release|Any CPU.Build.0 = Release|Any CPU
		{D68E232A-3A52-44D6-B66F-E76A7BF4E096}.Debug|Any CPU.ActiveCfg = Debug|Any CPU
		{D68E232A-3A52-44D6-B66F-E76A7BF4E096}.Debug|Any CPU.Build.0 = Debug|Any CPU
		{D68E232A-3A52-44D6-B66F-E76A7BF4E096}.Release|Any CPU.ActiveCfg = Release|Any CPU
		{D68E232A-3A52-44D6-B66F-E76A7BF4E096}.Release|Any CPU.Build.0 = Release|Any CPU
		{14B233F4-248D-4572-9E8D-7709A982C3CF}.Debug|Any CPU.ActiveCfg = Debug|Any CPU
		{14B233F4-248D-4572-9E8D-7709A982C3CF}.Debug|Any CPU.Build.0 = Debug|Any CPU
		{14B233F4-248D-4572-9E8D-7709A982C3CF}.Release|Any CPU.ActiveCfg = Release|Any CPU
		{14B233F4-248D-4572-9E8D-7709A982C3CF}.Release|Any CPU.Build.0 = Release|Any CPU
		{2624AACB-1A21-4D6D-9090-5C13C9CE8EF4}.Debug|Any CPU.ActiveCfg = Debug|Any CPU
		{2624AACB-1A21-4D6D-9090-5C13C9CE8EF4}.Debug|Any CPU.Build.0 = Debug|Any CPU
		{2624AACB-1A21-4D6D-9090-5C13C9CE8EF4}.Release|Any CPU.ActiveCfg = Release|Any CPU
		{2624AACB-1A21-4D6D-9090-5C13C9CE8EF4}.Release|Any CPU.Build.0 = Release|Any CPU
		{D4A2B099-AF22-4DB7-B178-585203A5A301}.Debug|Any CPU.ActiveCfg = Debug|Any CPU
		{D4A2B099-AF22-4DB7-B178-585203A5A301}.Debug|Any CPU.Build.0 = Debug|Any CPU
		{D4A2B099-AF22-4DB7-B178-585203A5A301}.Release|Any CPU.ActiveCfg = Release|Any CPU
		{D4A2B099-AF22-4DB7-B178-585203A5A301}.Release|Any CPU.Build.0 = Release|Any CPU
	EndGlobalSection
	GlobalSection(SolutionProperties) = preSolution
		HideSolutionNode = FALSE
	EndGlobalSection
	GlobalSection(NestedProjects) = preSolution
		{D68E232A-3A52-44D6-B66F-E76A7BF4E096} = {24604B86-9F6C-4C00-B236-4B2ABE37CFC8}
		{14B233F4-248D-4572-9E8D-7709A982C3CF} = {24604B86-9F6C-4C00-B236-4B2ABE37CFC8}
	EndGlobalSection
	GlobalSection(ExtensibilityGlobals) = postSolution
		SolutionGuid = {E3F7D745-744F-46B2-A372-97AA49DD0F62}
	EndGlobalSection
EndGlobal
